
Microsoft Visual Studio Solution File, Format Version 12.00
# Visual Studio Version 17
VisualStudioVersion = 17.9.34622.214
MinimumVisualStudioVersion = 10.0.40219.1
Project("{FAE04EC0-301F-11D3-BF4B-00C04F79EFBC}") = "Laba 4", "Laba 4.csproj", "{920F396C-9463-41C6-86E0-A0BC6E42562A}"
EndProject
Project("{FAE04EC0-301F-11D3-BF4B-00C04F79EFBC}") = "LogicalLayr", "..\Logic\LogicalLayr.csproj", "{7CFE1F5D-ACD8-4A08-9FE8-3C863C7236E4}"
EndProject
Global
	GlobalSection(SolutionConfigurationPlatforms) = preSolution
		Debug|Any CPU = Debug|Any CPU
		Release|Any CPU = Release|Any CPU
	EndGlobalSection
	GlobalSection(ProjectConfigurationPlatforms) = postSolution
		{920F396C-9463-41C6-86E0-A0BC6E42562A}.Debug|Any CPU.ActiveCfg = Debug|Any CPU
		{920F396C-9463-41C6-86E0-A0BC6E42562A}.Debug|Any CPU.Build.0 = Debug|Any CPU
		{920F396C-9463-41C6-86E0-A0BC6E42562A}.Release|Any CPU.ActiveCfg = Release|Any CPU
		{920F396C-9463-41C6-86E0-A0BC6E42562A}.Release|Any CPU.Build.0 = Release|Any CPU
		{7CFE1F5D-ACD8-4A08-9FE8-3C863C7236E4}.Debug|Any CPU.ActiveCfg = Debug|Any CPU
		{7CFE1F5D-ACD8-4A08-9FE8-3C863C7236E4}.Debug|Any CPU.Build.0 = Debug|Any CPU
		{7CFE1F5D-ACD8-4A08-9FE8-3C863C7236E4}.Release|Any CPU.ActiveCfg = Release|Any CPU
		{7CFE1F5D-ACD8-4A08-9FE8-3C863C7236E4}.Release|Any CPU.Build.0 = Release|Any CPU
	EndGlobalSection
	GlobalSection(SolutionProperties) = preSolution
		HideSolutionNode = FALSE
	EndGlobalSection
	GlobalSection(ExtensibilityGlobals) = postSolution
		SolutionGuid = {A6277834-F5DF-4C29-ADF4-BAD7AE1EBED9}
	EndGlobalSection
EndGlobal
